
Microsoft Visual Studio Solution File, Format Version 12.00
# Visual Studio Version 17
VisualStudioVersion = 17.0.31903.59
MinimumVisualStudioVersion = 10.0.40219.1
Project("{FAE04EC0-301F-11D3-BF4B-00C04F79EFBC}") = "RiverBooks.Web", "RiverBooks.Web\RiverBooks.Web.csproj", "{1204C0EA-65D8-41B8-B32C-B5AA3B4DE326}"
EndProject
Project("{FAE04EC0-301F-11D3-BF4B-00C04F79EFBC}") = "RiverBooks.Books", "RiverBooks.Books\RiverBooks.Books.csproj", "{A8E013CF-8FCA-4618-BA1C-9534E3D3FEF6}"
EndProject
Project("{2150E333-8FDC-42A3-9474-1A3956D46DE8}") = "Solution Items", "Solution Items", "{7CEE054B-E539-4E07-BAD3-0BF89A81A860}"
	ProjectSection(SolutionItems) = preProject
		.editorconfig = .editorconfig
	EndProjectSection
EndProject
Project("{FAE04EC0-301F-11D3-BF4B-00C04F79EFBC}") = "RiverBooks.Books.Test", "RiverBooks.Books.Test\RiverBooks.Books.Test.csproj", "{B009E163-A326-4DB2-88BE-BD443D78AFEF}"
EndProject
Project("{2150E333-8FDC-42A3-9474-1A3956D46DE8}") = "BooksModule", "BooksModule", "{447D74ED-903D-43F1-93C9-CF2D9401E830}"
EndProject
Project("{2150E333-8FDC-42A3-9474-1A3956D46DE8}") = "UsersModule", "UsersModule", "{D3A734AE-A74B-4FD9-823C-25BE8326ABFA}"
EndProject
Project("{FAE04EC0-301F-11D3-BF4B-00C04F79EFBC}") = "RiverBooks.Users", "RiverBooks.Users\RiverBooks.Users.csproj", "{340DC1AE-4D12-4505-8217-134075778863}"
EndProject
Project("{FAE04EC0-301F-11D3-BF4B-00C04F79EFBC}") = "RiverBooks.Books.Contracts", "RiverBooks.Books.Contracts\RiverBooks.Books.Contracts.csproj", "{CF2DC780-7215-4ECD-ABFA-9F41D12B7259}"
EndProject
Global
	GlobalSection(SolutionConfigurationPlatforms) = preSolution
		Debug|Any CPU = Debug|Any CPU
		Release|Any CPU = Release|Any CPU
	EndGlobalSection
	GlobalSection(ProjectConfigurationPlatforms) = postSolution
		{1204C0EA-65D8-41B8-B32C-B5AA3B4DE326}.Debug|Any CPU.ActiveCfg = Debug|Any CPU
		{1204C0EA-65D8-41B8-B32C-B5AA3B4DE326}.Debug|Any CPU.Build.0 = Debug|Any CPU
		{1204C0EA-65D8-41B8-B32C-B5AA3B4DE326}.Release|Any CPU.ActiveCfg = Release|Any CPU
		{1204C0EA-65D8-41B8-B32C-B5AA3B4DE326}.Release|Any CPU.Build.0 = Release|Any CPU
		{A8E013CF-8FCA-4618-BA1C-9534E3D3FEF6}.Debug|Any CPU.ActiveCfg = Debug|Any CPU
		{A8E013CF-8FCA-4618-BA1C-9534E3D3FEF6}.Debug|Any CPU.Build.0 = Debug|Any CPU
		{A8E013CF-8FCA-4618-BA1C-9534E3D3FEF6}.Release|Any CPU.ActiveCfg = Release|Any CPU
		{A8E013CF-8FCA-4618-BA1C-9534E3D3FEF6}.Release|Any CPU.Build.0 = Release|Any CPU
		{B009E163-A326-4DB2-88BE-BD443D78AFEF}.Debug|Any CPU.ActiveCfg = Debug|Any CPU
		{B009E163-A326-4DB2-88BE-BD443D78AFEF}.Debug|Any CPU.Build.0 = Debug|Any CPU
		{B009E163-A326-4DB2-88BE-BD443D78AFEF}.Release|Any CPU.ActiveCfg = Release|Any CPU
		{B009E163-A326-4DB2-88BE-BD443D78AFEF}.Release|Any CPU.Build.0 = Release|Any CPU
		{340DC1AE-4D12-4505-8217-134075778863}.Debug|Any CPU.ActiveCfg = Debug|Any CPU
		{340DC1AE-4D12-4505-8217-134075778863}.Debug|Any CPU.Build.0 = Debug|Any CPU
		{340DC1AE-4D12-4505-8217-134075778863}.Release|Any CPU.ActiveCfg = Release|Any CPU
		{340DC1AE-4D12-4505-8217-134075778863}.Release|Any CPU.Build.0 = Release|Any CPU
		{CF2DC780-7215-4ECD-ABFA-9F41D12B7259}.Debug|Any CPU.ActiveCfg = Debug|Any CPU
		{CF2DC780-7215-4ECD-ABFA-9F41D12B7259}.Debug|Any CPU.Build.0 = Debug|Any CPU
		{CF2DC780-7215-4ECD-ABFA-9F41D12B7259}.Release|Any CPU.ActiveCfg = Release|Any CPU
		{CF2DC780-7215-4ECD-ABFA-9F41D12B7259}.Release|Any CPU.Build.0 = Release|Any CPU
	EndGlobalSection
	GlobalSection(SolutionProperties) = preSolution
		HideSolutionNode = FALSE
	EndGlobalSection
	GlobalSection(NestedProjects) = preSolution
		{A8E013CF-8FCA-4618-BA1C-9534E3D3FEF6} = {447D74ED-903D-43F1-93C9-CF2D9401E830}
		{B009E163-A326-4DB2-88BE-BD443D78AFEF} = {447D74ED-903D-43F1-93C9-CF2D9401E830}
		{340DC1AE-4D12-4505-8217-134075778863} = {D3A734AE-A74B-4FD9-823C-25BE8326ABFA}
		{CF2DC780-7215-4ECD-ABFA-9F41D12B7259} = {447D74ED-903D-43F1-93C9-CF2D9401E830}
	EndGlobalSection
EndGlobal
